// !$*UTF8*$!
{
	archiveVersion = 1;
	classes = {
	};
	objectVersion = 46;
	objects = {

/* Begin PBXBuildFile section */
		5F4D7A5A1E3F26A80049F531 /* AppDelegate.swift in Sources */ = {isa = PBXBuildFile; fileRef = 5F4D7A591E3F26A80049F531 /* AppDelegate.swift */; };
		5F4D7A5F1E3F26A80049F531 /* Main.storyboard in Resources */ = {isa = PBXBuildFile; fileRef = 5F4D7A5D1E3F26A80049F531 /* Main.storyboard */; };
		5F4D7A611E3F26A90049F531 /* Assets.xcassets in Resources */ = {isa = PBXBuildFile; fileRef = 5F4D7A601E3F26A90049F531 /* Assets.xcassets */; };
		5F4D7A641E3F26A90049F531 /* LaunchScreen.storyboard in Resources */ = {isa = PBXBuildFile; fileRef = 5F4D7A621E3F26A90049F531 /* LaunchScreen.storyboard */; };
		5F4D7A6F1E3F2A400049F531 /* RxDataSources.framework in Frameworks */ = {isa = PBXBuildFile; fileRef = 5F4D7A6C1E3F2A400049F531 /* RxDataSources.framework */; };
		5F4D7A701E3F2A400049F531 /* RxCocoa.framework in Frameworks */ = {isa = PBXBuildFile; fileRef = 5F4D7A6D1E3F2A400049F531 /* RxCocoa.framework */; };
		5F4D7A711E3F2A400049F531 /* RxSwift.framework in Frameworks */ = {isa = PBXBuildFile; fileRef = 5F4D7A6E1E3F2A400049F531 /* RxSwift.framework */; };
		5F4D7A761E3F2C580049F531 /* Example1Simple.swift in Sources */ = {isa = PBXBuildFile; fileRef = 5F4D7A751E3F2C580049F531 /* Example1Simple.swift */; };
		5F4D7A7A1E3F2FB70049F531 /* RootController.swift in Sources */ = {isa = PBXBuildFile; fileRef = 5F4D7A791E3F2FB70049F531 /* RootController.swift */; };
		5F4D7A7C1E3F3D900049F531 /* Example2Editing.swift in Sources */ = {isa = PBXBuildFile; fileRef = 5F4D7A7B1E3F3D900049F531 /* Example2Editing.swift */; };
		5F4D7A7F1E3F3E510049F531 /* NumberSection.swift in Sources */ = {isa = PBXBuildFile; fileRef = 5F4D7A7E1E3F3E510049F531 /* NumberSection.swift */; };
		5F4D7A811E3F3F4F0049F531 /* Randomize.swift in Sources */ = {isa = PBXBuildFile; fileRef = 5F4D7A801E3F3F4F0049F531 /* Randomize.swift */; };
		5F4D7A831E3F3FF90049F531 /* Example3Randomize.swift in Sources */ = {isa = PBXBuildFile; fileRef = 5F4D7A821E3F3FF90049F531 /* Example3Randomize.swift */; };
		5F4D7A851E3F43290049F531 /* Example4Different.swift in Sources */ = {isa = PBXBuildFile; fileRef = 5F4D7A841E3F43290049F531 /* Example4Different.swift */; };
		5F4D7A871E3F43F10049F531 /* UIKitExtention.swift in Sources */ = {isa = PBXBuildFile; fileRef = 5F4D7A861E3F43F10049F531 /* UIKitExtention.swift */; };
/* End PBXBuildFile section */

/* Begin PBXFileReference section */
		5F4D7A561E3F26A80049F531 /* RxTableSome.app */ = {isa = PBXFileReference; explicitFileType = wrapper.application; includeInIndex = 0; path = RxTableSome.app; sourceTree = BUILT_PRODUCTS_DIR; };
		5F4D7A591E3F26A80049F531 /* AppDelegate.swift */ = {isa = PBXFileReference; lastKnownFileType = sourcecode.swift; path = AppDelegate.swift; sourceTree = "<group>"; };
		5F4D7A5E1E3F26A80049F531 /* Base */ = {isa = PBXFileReference; lastKnownFileType = file.storyboard; name = Base; path = Base.lproj/Main.storyboard; sourceTree = "<group>"; };
		5F4D7A601E3F26A90049F531 /* Assets.xcassets */ = {isa = PBXFileReference; lastKnownFileType = folder.assetcatalog; path = Assets.xcassets; sourceTree = "<group>"; };
		5F4D7A631E3F26A90049F531 /* Base */ = {isa = PBXFileReference; lastKnownFileType = file.storyboard; name = Base; path = Base.lproj/LaunchScreen.storyboard; sourceTree = "<group>"; };
		5F4D7A651E3F26A90049F531 /* Info.plist */ = {isa = PBXFileReference; lastKnownFileType = text.plist.xml; name = Info.plist; path = ../Info.plist; sourceTree = "<group>"; };
		5F4D7A6C1E3F2A400049F531 /* RxDataSources.framework */ = {isa = PBXFileReference; lastKnownFileType = wrapper.framework; name = RxDataSources.framework; path = Carthage/Build/iOS/RxDataSources.framework; sourceTree = "<group>"; };
		5F4D7A6D1E3F2A400049F531 /* RxCocoa.framework */ = {isa = PBXFileReference; lastKnownFileType = wrapper.framework; name = RxCocoa.framework; path = Carthage/Build/iOS/RxCocoa.framework; sourceTree = "<group>"; };
		5F4D7A6E1E3F2A400049F531 /* RxSwift.framework */ = {isa = PBXFileReference; lastKnownFileType = wrapper.framework; name = RxSwift.framework; path = Carthage/Build/iOS/RxSwift.framework; sourceTree = "<group>"; };
		5F4D7A751E3F2C580049F531 /* Example1Simple.swift */ = {isa = PBXFileReference; fileEncoding = 4; lastKnownFileType = sourcecode.swift; path = Example1Simple.swift; sourceTree = "<group>"; };
		5F4D7A791E3F2FB70049F531 /* RootController.swift */ = {isa = PBXFileReference; fileEncoding = 4; lastKnownFileType = sourcecode.swift; path = RootController.swift; sourceTree = "<group>"; };
		5F4D7A7B1E3F3D900049F531 /* Example2Editing.swift */ = {isa = PBXFileReference; fileEncoding = 4; lastKnownFileType = sourcecode.swift; path = Example2Editing.swift; sourceTree = "<group>"; };
		5F4D7A7E1E3F3E510049F531 /* NumberSection.swift */ = {isa = PBXFileReference; fileEncoding = 4; lastKnownFileType = sourcecode.swift; path = NumberSection.swift; sourceTree = "<group>"; };
		5F4D7A801E3F3F4F0049F531 /* Randomize.swift */ = {isa = PBXFileReference; fileEncoding = 4; lastKnownFileType = sourcecode.swift; path = Randomize.swift; sourceTree = "<group>"; };
		5F4D7A821E3F3FF90049F531 /* Example3Randomize.swift */ = {isa = PBXFileReference; fileEncoding = 4; lastKnownFileType = sourcecode.swift; path = Example3Randomize.swift; sourceTree = "<group>"; };
		5F4D7A841E3F43290049F531 /* Example4Different.swift */ = {isa = PBXFileReference; fileEncoding = 4; lastKnownFileType = sourcecode.swift; path = Example4Different.swift; sourceTree = "<group>"; };
		5F4D7A861E3F43F10049F531 /* UIKitExtention.swift */ = {isa = PBXFileReference; fileEncoding = 4; lastKnownFileType = sourcecode.swift; path = UIKitExtention.swift; sourceTree = "<group>"; };
/* End PBXFileReference section */

/* Begin PBXFrameworksBuildPhase section */
		5F4D7A531E3F26A80049F531 /* Frameworks */ = {
			isa = PBXFrameworksBuildPhase;
			buildActionMask = 2147483647;
			files = (
				5F4D7A6F1E3F2A400049F531 /* RxDataSources.framework in Frameworks */,
				5F4D7A701E3F2A400049F531 /* RxCocoa.framework in Frameworks */,
				5F4D7A711E3F2A400049F531 /* RxSwift.framework in Frameworks */,
			);
			runOnlyForDeploymentPostprocessing = 0;
		};
/* End PBXFrameworksBuildPhase section */

/* Begin PBXGroup section */
		5F4D7A4D1E3F26A80049F531 = {
			isa = PBXGroup;
			children = (
				5F4D7A581E3F26A80049F531 /* RxTableSome */,
				5F4D7A571E3F26A80049F531 /* Products */,
				5F4D7A6B1E3F2A400049F531 /* Frameworks */,
			);
			sourceTree = "<group>";
		};
		5F4D7A571E3F26A80049F531 /* Products */ = {
			isa = PBXGroup;
			children = (
				5F4D7A561E3F26A80049F531 /* RxTableSome.app */,
			);
			name = Products;
			sourceTree = "<group>";
		};
		5F4D7A581E3F26A80049F531 /* RxTableSome */ = {
			isa = PBXGroup;
			children = (
				5F4D7A881E405B6F0049F531 /* View */,
				5F4D7A7D1E3F3E030049F531 /* Model */,
				5F4D7A741E3F2BA30049F531 /* Controllers */,
				5F4D7A731E3F2AEF0049F531 /* Supporting Files */,
				5F4D7A5D1E3F26A80049F531 /* Main.storyboard */,
				5F4D7A621E3F26A90049F531 /* LaunchScreen.storyboard */,
			);
			path = RxTableSome;
			sourceTree = "<group>";
		};
		5F4D7A6B1E3F2A400049F531 /* Frameworks */ = {
			isa = PBXGroup;
			children = (
				5F4D7A6C1E3F2A400049F531 /* RxDataSources.framework */,
				5F4D7A6D1E3F2A400049F531 /* RxCocoa.framework */,
				5F4D7A6E1E3F2A400049F531 /* RxSwift.framework */,
			);
			name = Frameworks;
			sourceTree = "<group>";
		};
		5F4D7A731E3F2AEF0049F531 /* Supporting Files */ = {
			isa = PBXGroup;
			children = (
				5F4D7A591E3F26A80049F531 /* AppDelegate.swift */,
				5F4D7A601E3F26A90049F531 /* Assets.xcassets */,
				5F4D7A651E3F26A90049F531 /* Info.plist */,
			);
			path = "Supporting Files";
			sourceTree = "<group>";
		};
		5F4D7A741E3F2BA30049F531 /* Controllers */ = {
			isa = PBXGroup;
			children = (
				5F4D7A791E3F2FB70049F531 /* RootController.swift */,
				5F4D7A751E3F2C580049F531 /* Example1Simple.swift */,
				5F4D7A7B1E3F3D900049F531 /* Example2Editing.swift */,
				5F4D7A821E3F3FF90049F531 /* Example3Randomize.swift */,
				5F4D7A841E3F43290049F531 /* Example4Different.swift */,
			);
			path = Controllers;
			sourceTree = "<group>";
		};
		5F4D7A7D1E3F3E030049F531 /* Model */ = {
			isa = PBXGroup;
			children = (
				5F4D7A7E1E3F3E510049F531 /* NumberSection.swift */,
				5F4D7A801E3F3F4F0049F531 /* Randomize.swift */,
				5F4D7A861E3F43F10049F531 /* UIKitExtention.swift */,
			);
			path = Model;
			sourceTree = "<group>";
		};
		5F4D7A881E405B6F0049F531 /* View */ = {
			isa = PBXGroup;
			children = (
			);
			name = View;
			sourceTree = "<group>";
		};
/* End PBXGroup section */

/* Begin PBXNativeTarget section */
		5F4D7A551E3F26A80049F531 /* RxTableSome */ = {
			isa = PBXNativeTarget;
			buildConfigurationList = 5F4D7A681E3F26A90049F531 /* Build configuration list for PBXNativeTarget "RxTableSome" */;
			buildPhases = (
				5F4D7A521E3F26A80049F531 /* Sources */,
				5F4D7A531E3F26A80049F531 /* Frameworks */,
				5F4D7A541E3F26A80049F531 /* Resources */,
				5F4D7A721E3F2A470049F531 /* ShellScript */,
			);
			buildRules = (
			);
			dependencies = (
			);
			name = RxTableSome;
			productName = RxTableSome;
			productReference = 5F4D7A561E3F26A80049F531 /* RxTableSome.app */;
			productType = "com.apple.product-type.application";
		};
/* End PBXNativeTarget section */

/* Begin PBXProject section */
		5F4D7A4E1E3F26A80049F531 /* Project object */ = {
			isa = PBXProject;
			attributes = {
				LastSwiftUpdateCheck = 0820;
				LastUpgradeCheck = 0820;
				ORGANIZATIONNAME = "Harman Inc";
				TargetAttributes = {
					5F4D7A551E3F26A80049F531 = {
						CreatedOnToolsVersion = 8.2;
						DevelopmentTeam = TJ3RW859P3;
						ProvisioningStyle = Automatic;
					};
				};
			};
			buildConfigurationList = 5F4D7A511E3F26A80049F531 /* Build configuration list for PBXProject "RxTableSome" */;
			compatibilityVersion = "Xcode 3.2";
			developmentRegion = English;
			hasScannedForEncodings = 0;
			knownRegions = (
				en,
				Base,
			);
			mainGroup = 5F4D7A4D1E3F26A80049F531;
			productRefGroup = 5F4D7A571E3F26A80049F531 /* Products */;
			projectDirPath = "";
			projectRoot = "";
			targets = (
				5F4D7A551E3F26A80049F531 /* RxTableSome */,
			);
		};
/* End PBXProject section */

/* Begin PBXResourcesBuildPhase section */
		5F4D7A541E3F26A80049F531 /* Resources */ = {
			isa = PBXResourcesBuildPhase;
			buildActionMask = 2147483647;
			files = (
				5F4D7A641E3F26A90049F531 /* LaunchScreen.storyboard in Resources */,
				5F4D7A611E3F26A90049F531 /* Assets.xcassets in Resources */,
				5F4D7A5F1E3F26A80049F531 /* Main.storyboard in Resources */,
			);
			runOnlyForDeploymentPostprocessing = 0;
		};
/* End PBXResourcesBuildPhase section */

/* Begin PBXShellScriptBuildPhase section */
		5F4D7A721E3F2A470049F531 /* ShellScript */ = {
			isa = PBXShellScriptBuildPhase;
			buildActionMask = 2147483647;
			files = (
			);
			inputPaths = (
				"$(SRCROOT)/Carthage/Build/iOS/RxSwift.framework",
				"$(SRCROOT)/Carthage/Build/iOS/RxCocoa.framework",
				"$(SRCROOT)/Carthage/Build/iOS/RxDataSources.framework",
			);
			outputPaths = (
			);
			runOnlyForDeploymentPostprocessing = 0;
			shellPath = /bin/sh;
			shellScript = "/usr/local/bin/carthage copy-frameworks";
		};
/* End PBXShellScriptBuildPhase section */

/* Begin PBXSourcesBuildPhase section */
		5F4D7A521E3F26A80049F531 /* Sources */ = {
			isa = PBXSourcesBuildPhase;
			buildActionMask = 2147483647;
			files = (
				5F4D7A7F1E3F3E510049F531 /* NumberSection.swift in Sources */,
				5F4D7A851E3F43290049F531 /* Example4Different.swift in Sources */,
				5F4D7A761E3F2C580049F531 /* Example1Simple.swift in Sources */,
				5F4D7A831E3F3FF90049F531 /* Example3Randomize.swift in Sources */,
				5F4D7A5A1E3F26A80049F531 /* AppDelegate.swift in Sources */,
				5F4D7A7C1E3F3D900049F531 /* Example2Editing.swift in Sources */,
				5F4D7A871E3F43F10049F531 /* UIKitExtention.swift in Sources */,
				5F4D7A7A1E3F2FB70049F531 /* RootController.swift in Sources */,
				5F4D7A811E3F3F4F0049F531 /* Randomize.swift in Sources */,
			);
			runOnlyForDeploymentPostprocessing = 0;
		};
/* End PBXSourcesBuildPhase section */

/* Begin PBXVariantGroup section */
		5F4D7A5D1E3F26A80049F531 /* Main.storyboard */ = {
			isa = PBXVariantGroup;
			children = (
				5F4D7A5E1E3F26A80049F531 /* Base */,
			);
			name = Main.storyboard;
			sourceTree = "<group>";
		};
		5F4D7A621E3F26A90049F531 /* LaunchScreen.storyboard */ = {
			isa = PBXVariantGroup;
			children = (
				5F4D7A631E3F26A90049F531 /* Base */,
			);
			name = LaunchScreen.storyboard;
			sourceTree = "<group>";
		};
/* End PBXVariantGroup section */

/* Begin XCBuildConfiguration section */
		5F4D7A661E3F26A90049F531 /* Debug */ = {
			isa = XCBuildConfiguration;
			buildSettings = {
				ALWAYS_SEARCH_USER_PATHS = NO;
				CLANG_ANALYZER_NONNULL = YES;
				CLANG_CXX_LANGUAGE_STANDARD = "gnu++0x";
				CLANG_CXX_LIBRARY = "libc++";
				CLANG_ENABLE_MODULES = YES;
				CLANG_ENABLE_OBJC_ARC = YES;
				CLANG_WARN_BOOL_CONVERSION = YES;
				CLANG_WARN_CONSTANT_CONVERSION = YES;
				CLANG_WARN_DIRECT_OBJC_ISA_USAGE = YES_ERROR;
				CLANG_WARN_DOCUMENTATION_COMMENTS = YES;
				CLANG_WARN_EMPTY_BODY = YES;
				CLANG_WARN_ENUM_CONVERSION = YES;
				CLANG_WARN_INFINITE_RECURSION = YES;
				CLANG_WARN_INT_CONVERSION = YES;
				CLANG_WARN_OBJC_ROOT_CLASS = YES_ERROR;
				CLANG_WARN_SUSPICIOUS_MOVE = YES;
				CLANG_WARN_UNREACHABLE_CODE = YES;
				CLANG_WARN__DUPLICATE_METHOD_MATCH = YES;
				"CODE_SIGN_IDENTITY[sdk=iphoneos*]" = "iPhone Developer";
				COPY_PHASE_STRIP = NO;
				DEBUG_INFORMATION_FORMAT = dwarf;
				ENABLE_STRICT_OBJC_MSGSEND = YES;
				ENABLE_TESTABILITY = YES;
				GCC_C_LANGUAGE_STANDARD = gnu99;
				GCC_DYNAMIC_NO_PIC = NO;
				GCC_NO_COMMON_BLOCKS = YES;
				GCC_OPTIMIZATION_LEVEL = 0;
				GCC_PREPROCESSOR_DEFINITIONS = (
					"DEBUG=1",
					"$(inherited)",
				);
				GCC_WARN_64_TO_32_BIT_CONVERSION = YES;
				GCC_WARN_ABOUT_RETURN_TYPE = YES_ERROR;
				GCC_WARN_UNDECLARED_SELECTOR = YES;
				GCC_WARN_UNINITIALIZED_AUTOS = YES_AGGRESSIVE;
				GCC_WARN_UNUSED_FUNCTION = YES;
				GCC_WARN_UNUSED_VARIABLE = YES;
				IPHONEOS_DEPLOYMENT_TARGET = 10.2;
				MTL_ENABLE_DEBUG_INFO = YES;
				ONLY_ACTIVE_ARCH = YES;
				SDKROOT = iphoneos;
				SWIFT_ACTIVE_COMPILATION_CONDITIONS = DEBUG;
				SWIFT_OPTIMIZATION_LEVEL = "-Onone";
			};
			name = Debug;
		};
		5F4D7A671E3F26A90049F531 /* Release */ = {
			isa = XCBuildConfiguration;
			buildSettings = {
				ALWAYS_SEARCH_USER_PATHS = NO;
				CLANG_ANALYZER_NONNULL = YES;
				CLANG_CXX_LANGUAGE_STANDARD = "gnu++0x";
				CLANG_CXX_LIBRARY = "libc++";
				CLANG_ENABLE_MODULES = YES;
				CLANG_ENABLE_OBJC_ARC = YES;
				CLANG_WARN_BOOL_CONVERSION = YES;
				CLANG_WARN_CONSTANT_CONVERSION = YES;
				CLANG_WARN_DIRECT_OBJC_ISA_USAGE = YES_ERROR;
				CLANG_WARN_DOCUMENTATION_COMMENTS = YES;
				CLANG_WARN_EMPTY_BODY = YES;
				CLANG_WARN_ENUM_CONVERSION = YES;
				CLANG_WARN_INFINITE_RECURSION = YES;
				CLANG_WARN_INT_CONVERSION = YES;
				CLANG_WARN_OBJC_ROOT_CLASS = YES_ERROR;
				CLANG_WARN_SUSPICIOUS_MOVE = YES;
				CLANG_WARN_UNREACHABLE_CODE = YES;
				CLANG_WARN__DUPLICATE_METHOD_MATCH = YES;
				"CODE_SIGN_IDENTITY[sdk=iphoneos*]" = "iPhone Developer";
				COPY_PHASE_STRIP = NO;
				DEBUG_INFORMATION_FORMAT = "dwarf-with-dsym";
				ENABLE_NS_ASSERTIONS = NO;
				ENABLE_STRICT_OBJC_MSGSEND = YES;
				GCC_C_LANGUAGE_STANDARD = gnu99;
				GCC_NO_COMMON_BLOCKS = YES;
				GCC_WARN_64_TO_32_BIT_CONVERSION = YES;
				GCC_WARN_ABOUT_RETURN_TYPE = YES_ERROR;
				GCC_WARN_UNDECLARED_SELECTOR = YES;
				GCC_WARN_UNINITIALIZED_AUTOS = YES_AGGRESSIVE;
				GCC_WARN_UNUSED_FUNCTION = YES;
				GCC_WARN_UNUSED_VARIABLE = YES;
				IPHONEOS_DEPLOYMENT_TARGET = 10.2;
				MTL_ENABLE_DEBUG_INFO = NO;
				SDKROOT = iphoneos;
				SWIFT_OPTIMIZATION_LEVEL = "-Owholemodule";
				VALIDATE_PRODUCT = YES;
			};
			name = Release;
		};
		5F4D7A691E3F26A90049F531 /* Debug */ = {
			isa = XCBuildConfiguration;
			buildSettings = {
				ASSETCATALOG_COMPILER_APPICON_NAME = AppIcon;
				DEVELOPMENT_TEAM = TJ3RW859P3;
				FRAMEWORK_SEARCH_PATHS = (
					"$(inherited)",
					"$(PROJECT_DIR)/Carthage/Build/iOS",
				);
				INFOPLIST_FILE = RxTableSome/Info.plist;
				LD_RUNPATH_SEARCH_PATHS = "$(inherited) @executable_path/Frameworks";
				PRODUCT_BUNDLE_IDENTIFIER = com.beginning.RxTableSome;
				PRODUCT_NAME = "$(TARGET_NAME)";
				SWIFT_VERSION = 3.0;
			};
			name = Debug;
		};
		5F4D7A6A1E3F26A90049F531 /* Release */ = {
			isa = XCBuildConfiguration;
			buildSettings = {
				ASSETCATALOG_COMPILER_APPICON_NAME = AppIcon;
				DEVELOPMENT_TEAM = TJ3RW859P3;
				FRAMEWORK_SEARCH_PATHS = (
					"$(inherited)",
					"$(PROJECT_DIR)/Carthage/Build/iOS",
				);
				INFOPLIST_FILE = RxTableSome/Info.plist;
				LD_RUNPATH_SEARCH_PATHS = "$(inherited) @executable_path/Frameworks";
				PRODUCT_BUNDLE_IDENTIFIER = com.beginning.RxTableSome;
				PRODUCT_NAME = "$(TARGET_NAME)";
				SWIFT_VERSION = 3.0;
			};
			name = Release;
		};
/* End XCBuildConfiguration section */

/* Begin XCConfigurationList section */
		5F4D7A511E3F26A80049F531 /* Build configuration list for PBXProject "RxTableSome" */ = {
			isa = XCConfigurationList;
			buildConfigurations = (
				5F4D7A661E3F26A90049F531 /* Debug */,
				5F4D7A671E3F26A90049F531 /* Release */,
			);
			defaultConfigurationIsVisible = 0;
			defaultConfigurationName = Release;
		};
		5F4D7A681E3F26A90049F531 /* Build configuration list for PBXNativeTarget "RxTableSome" */ = {
			isa = XCConfigurationList;
			buildConfigurations = (
				5F4D7A691E3F26A90049F531 /* Debug */,
				5F4D7A6A1E3F26A90049F531 /* Release */,
			);
			defaultConfigurationIsVisible = 0;
		};
/* End XCConfigurationList section */
	};
	rootObject = 5F4D7A4E1E3F26A80049F531 /* Project object */;
}
